
Microsoft Visual Studio Solution File, Format Version 12.00
# Visual Studio 14
VisualStudioVersion = 14.0.25420.1
MinimumVisualStudioVersion = 10.0.40219.1
Project("{FAE04EC0-301F-11D3-BF4B-00C04F79EFBC}") = "LogicaCalculadora", "LogicaCalculadora\LogicaCalculadora.csproj", "{A19B27A4-E678-4FDE-A631-267B915C1D40}"
EndProject
Project("{FAE04EC0-301F-11D3-BF4B-00C04F79EFBC}") = "HostCalculadora", "..\HostCalculadora\HostCalculadora.csproj", "{7EF036A3-7517-4E9D-BC50-30DB27B13755}"
EndProject
Global
	GlobalSection(SolutionConfigurationPlatforms) = preSolution
		Debug|Any CPU = Debug|Any CPU
		Release|Any CPU = Release|Any CPU
	EndGlobalSection
	GlobalSection(ProjectConfigurationPlatforms) = postSolution
		{A19B27A4-E678-4FDE-A631-267B915C1D40}.Debug|Any CPU.ActiveCfg = Debug|Any CPU
		{A19B27A4-E678-4FDE-A631-267B915C1D40}.Debug|Any CPU.Build.0 = Debug|Any CPU
		{A19B27A4-E678-4FDE-A631-267B915C1D40}.Release|Any CPU.ActiveCfg = Release|Any CPU
		{A19B27A4-E678-4FDE-A631-267B915C1D40}.Release|Any CPU.Build.0 = Release|Any CPU
		{7EF036A3-7517-4E9D-BC50-30DB27B13755}.Debug|Any CPU.ActiveCfg = Debug|Any CPU
		{7EF036A3-7517-4E9D-BC50-30DB27B13755}.Debug|Any CPU.Build.0 = Debug|Any CPU
		{7EF036A3-7517-4E9D-BC50-30DB27B13755}.Release|Any CPU.ActiveCfg = Release|Any CPU
		{7EF036A3-7517-4E9D-BC50-30DB27B13755}.Release|Any CPU.Build.0 = Release|Any CPU
	EndGlobalSection
	GlobalSection(SolutionProperties) = preSolution
		HideSolutionNode = FALSE
	EndGlobalSection
EndGlobal
